// !$*UTF8*$!
{
	archiveVersion = 1;
	classes = {
	};
	objectVersion = 51;
	objects = {

/* Begin PBXBuildFile section */
		2381F76E255C03D5008004DE /* FormScreen1.swift in Sources */ = {isa = PBXBuildFile; fileRef = 2381F76D255C03D5008004DE /* FormScreen1.swift */; };
		2381F772255C03DB008004DE /* FormScreen2.swift in Sources */ = {isa = PBXBuildFile; fileRef = 2381F771255C03DB008004DE /* FormScreen2.swift */; };
		2381F775255C03DF008004DE /* FormScreen3.swift in Sources */ = {isa = PBXBuildFile; fileRef = 2381F774255C03DF008004DE /* FormScreen3.swift */; };
		2381F778255C03E3008004DE /* FormScreen4.swift in Sources */ = {isa = PBXBuildFile; fileRef = 2381F777255C03E3008004DE /* FormScreen4.swift */; };
		2381F77B255C03E7008004DE /* FormScreen5.swift in Sources */ = {isa = PBXBuildFile; fileRef = 2381F77A255C03E7008004DE /* FormScreen5.swift */; };
		2381F77E255C03F1008004DE /* PageControlForm.swift in Sources */ = {isa = PBXBuildFile; fileRef = 2381F77D255C03F1008004DE /* PageControlForm.swift */; };
		2381F783255C0412008004DE /* DescriptionScreen1.swift in Sources */ = {isa = PBXBuildFile; fileRef = 2381F782255C0412008004DE /* DescriptionScreen1.swift */; };
		2381F787255C0416008004DE /* DescriptionScreen2.swift in Sources */ = {isa = PBXBuildFile; fileRef = 2381F786255C0416008004DE /* DescriptionScreen2.swift */; };
		2381F78A255C0419008004DE /* DescriptionScreen3.swift in Sources */ = {isa = PBXBuildFile; fileRef = 2381F789255C0419008004DE /* DescriptionScreen3.swift */; };
		2381F78D255C041E008004DE /* DescriptionScreen4.swift in Sources */ = {isa = PBXBuildFile; fileRef = 2381F78C255C041E008004DE /* DescriptionScreen4.swift */; };
		2381F790255C0428008004DE /* PageControlDescription.swift in Sources */ = {isa = PBXBuildFile; fileRef = 2381F78F255C0428008004DE /* PageControlDescription.swift */; };
		2381F794255C057D008004DE /* UITextfield+Extensions.swift in Sources */ = {isa = PBXBuildFile; fileRef = 2381F793255C057D008004DE /* UITextfield+Extensions.swift */; };
		238C9405255BEB0C00591791 /* FoodSearchViewController.swift in Sources */ = {isa = PBXBuildFile; fileRef = 238C9404255BEB0C00591791 /* FoodSearchViewController.swift */; };
		238C9409255BEB1900591791 /* FoodCell.swift in Sources */ = {isa = PBXBuildFile; fileRef = 238C9408255BEB1900591791 /* FoodCell.swift */; };
		238C9412255BEBAF00591791 /* DetailCell.swift in Sources */ = {isa = PBXBuildFile; fileRef = 238C9411255BEBAF00591791 /* DetailCell.swift */; };
		238C9417255BEC2D00591791 /* StringOptional+Extensions.swift in Sources */ = {isa = PBXBuildFile; fileRef = 238C9416255BEC2D00591791 /* StringOptional+Extensions.swift */; };
		23FEB9D2255BDA40001EA146 /* FatSecretClient.swift in Sources */ = {isa = PBXBuildFile; fileRef = 23FEB9D1255BDA40001EA146 /* FatSecretClient.swift */; };
		23FEB9D6255BDA49001EA146 /* FatSecretCredentials.swift in Sources */ = {isa = PBXBuildFile; fileRef = 23FEB9D5255BDA49001EA146 /* FatSecretCredentials.swift */; };
		23FEB9D9255BDA53001EA146 /* FatSecretParams.swift in Sources */ = {isa = PBXBuildFile; fileRef = 23FEB9D8255BDA53001EA146 /* FatSecretParams.swift */; };
		23FEB9DC255BDA6C001EA146 /* APIKey.swift in Sources */ = {isa = PBXBuildFile; fileRef = 23FEB9DB255BDA6C001EA146 /* APIKey.swift */; };
		23FEB9DF255BDA72001EA146 /* SearchedFood.swift in Sources */ = {isa = PBXBuildFile; fileRef = 23FEB9DE255BDA72001EA146 /* SearchedFood.swift */; };
		23FEB9E2255BDA79001EA146 /* FatSecretError.swift in Sources */ = {isa = PBXBuildFile; fileRef = 23FEB9E1255BDA79001EA146 /* FatSecretError.swift */; };
		23FEB9E5255BDA7D001EA146 /* Serving.swift in Sources */ = {isa = PBXBuildFile; fileRef = 23FEB9E4255BDA7D001EA146 /* Serving.swift */; };
		23FEB9E8255BDA81001EA146 /* Food.swift in Sources */ = {isa = PBXBuildFile; fileRef = 23FEB9E7255BDA81001EA146 /* Food.swift */; };
		23FEB9EB255BDA85001EA146 /* Search.swift in Sources */ = {isa = PBXBuildFile; fileRef = 23FEB9EA255BDA85001EA146 /* Search.swift */; };
		23FEB9EE255BDA8F001EA146 /* CharacterSet+Utils.swift in Sources */ = {isa = PBXBuildFile; fileRef = 23FEB9ED255BDA8F001EA146 /* CharacterSet+Utils.swift */; };
		23FEB9F1255BDA94001EA146 /* Array+Utils.swift in Sources */ = {isa = PBXBuildFile; fileRef = 23FEB9F0255BDA94001EA146 /* Array+Utils.swift */; };
		23FEB9F4255BDA9C001EA146 /* URLComponents+Utils.swift in Sources */ = {isa = PBXBuildFile; fileRef = 23FEB9F3255BDA9C001EA146 /* URLComponents+Utils.swift */; };
		23FEB9F7255BDAA2001EA146 /* String+Utils.swift in Sources */ = {isa = PBXBuildFile; fileRef = 23FEB9F6255BDAA2001EA146 /* String+Utils.swift */; };
		23FEB9FE255BDAF3001EA146 /* AppCoordinator.swift in Sources */ = {isa = PBXBuildFile; fileRef = 23FEB9FD255BDAF3001EA146 /* AppCoordinator.swift */; };
		23FEBA02255BDB06001EA146 /* Color.swift in Sources */ = {isa = PBXBuildFile; fileRef = 23FEBA01255BDB06001EA146 /* Color.swift */; };
		23FEBA05255BDB10001EA146 /* EatingTime.swift in Sources */ = {isa = PBXBuildFile; fileRef = 23FEBA04255BDB10001EA146 /* EatingTime.swift */; };
		23FEBA0C255BDB42001EA146 /* NetworkService.swift in Sources */ = {isa = PBXBuildFile; fileRef = 23FEBA0B255BDB42001EA146 /* NetworkService.swift */; };
		23FEBA10255BDB48001EA146 /* CoreDataService.swift in Sources */ = {isa = PBXBuildFile; fileRef = 23FEBA0F255BDB48001EA146 /* CoreDataService.swift */; };
		23FEBA13255BDB50001EA146 /* HealtKitService.swift in Sources */ = {isa = PBXBuildFile; fileRef = 23FEBA12255BDB50001EA146 /* HealtKitService.swift */; };
		23FEBA16255BDB55001EA146 /* UserDefaultService.swift in Sources */ = {isa = PBXBuildFile; fileRef = 23FEBA15255BDB55001EA146 /* UserDefaultService.swift */; };
		23FEBA1D255BDBB4001EA146 /* UIView+Extensions.swift in Sources */ = {isa = PBXBuildFile; fileRef = 23FEBA1C255BDBB4001EA146 /* UIView+Extensions.swift */; };
		23FEBA21255BDBBB001EA146 /* Date+Extensions.swift in Sources */ = {isa = PBXBuildFile; fileRef = 23FEBA20255BDBBB001EA146 /* Date+Extensions.swift */; };
		23FEBA24255BDBC2001EA146 /* Array+Extensions.swift in Sources */ = {isa = PBXBuildFile; fileRef = 23FEBA23255BDBC2001EA146 /* Array+Extensions.swift */; };
		23FEBA27255BDBCA001EA146 /* UILabel+Extensions.swift in Sources */ = {isa = PBXBuildFile; fileRef = 23FEBA26255BDBCA001EA146 /* UILabel+Extensions.swift */; };
		23FEBA31255BDC7A001EA146 /* MainProgressView.swift in Sources */ = {isa = PBXBuildFile; fileRef = 23FEBA30255BDC7A001EA146 /* MainProgressView.swift */; };
		23FEBA34255BDC81001EA146 /* HorizontalView.swift in Sources */ = {isa = PBXBuildFile; fileRef = 23FEBA33255BDC81001EA146 /* HorizontalView.swift */; };
		23FEBA37255BDC87001EA146 /* MealTodayView.swift in Sources */ = {isa = PBXBuildFile; fileRef = 23FEBA36255BDC87001EA146 /* MealTodayView.swift */; };
		23FEBA3B255BDCA6001EA146 /* CircularProgressView.swift in Sources */ = {isa = PBXBuildFile; fileRef = 23FEBA3A255BDCA5001EA146 /* CircularProgressView.swift */; };
		23FEBA3F255BDCAE001EA146 /* SmallCircularProgressView.swift in Sources */ = {isa = PBXBuildFile; fileRef = 23FEBA3E255BDCAE001EA146 /* SmallCircularProgressView.swift */; };
		23FEBA46255BDCBC001EA146 /* PichoCardView.swift in Sources */ = {isa = PBXBuildFile; fileRef = 23FEBA45255BDCBC001EA146 /* PichoCardView.swift */; };
		23FEBA4D255BDD49001EA146 /* ProfileViewModel.swift in Sources */ = {isa = PBXBuildFile; fileRef = 23FEBA4C255BDD49001EA146 /* ProfileViewModel.swift */; };
		23FEBA50255BDD51001EA146 /* ProfileViewController.swift in Sources */ = {isa = PBXBuildFile; fileRef = 23FEBA4F255BDD51001EA146 /* ProfileViewController.swift */; };
		23FEBA53255BDD59001EA146 /* Value1Cell.swift in Sources */ = {isa = PBXBuildFile; fileRef = 23FEBA52255BDD59001EA146 /* Value1Cell.swift */; };
		23FEBA56255BDD75001EA146 /* HistoryViewController.swift in Sources */ = {isa = PBXBuildFile; fileRef = 23FEBA55255BDD75001EA146 /* HistoryViewController.swift */; };
		23FEBA59255BDD90001EA146 /* FoodDetailScreen.swift in Sources */ = {isa = PBXBuildFile; fileRef = 23FEBA58255BDD90001EA146 /* FoodDetailScreen.swift */; };
		23FEBA5C255BDDB2001EA146 /* FoodInputViewController.swift in Sources */ = {isa = PBXBuildFile; fileRef = 23FEBA5B255BDDB2001EA146 /* FoodInputViewController.swift */; };
		23FEBA5F255BDDE6001EA146 /* NSAttributedString+Extensions.swift in Sources */ = {isa = PBXBuildFile; fileRef = 23FEBA5E255BDDE6001EA146 /* NSAttributedString+Extensions.swift */; };
		23FEBA62255BDF3A001EA146 /* NotificationViewController.swift in Sources */ = {isa = PBXBuildFile; fileRef = 23FEBA61255BDF3A001EA146 /* NotificationViewController.swift */; };
		23FEBA69255BE00C001EA146 /* MealCellView.swift in Sources */ = {isa = PBXBuildFile; fileRef = 23FEBA68255BE00C001EA146 /* MealCellView.swift */; };
		6BE5482A823830922085C9A8 /* Pods_Picho.framework in Frameworks */ = {isa = PBXBuildFile; fileRef = 047BD003AF371FA6292C078C /* Pods_Picho.framework */; };
		A28A5AF7255BD410007E66FA /* AppDelegate.swift in Sources */ = {isa = PBXBuildFile; fileRef = A28A5AF6255BD410007E66FA /* AppDelegate.swift */; };
		A28A5AF9255BD410007E66FA /* SceneDelegate.swift in Sources */ = {isa = PBXBuildFile; fileRef = A28A5AF8255BD410007E66FA /* SceneDelegate.swift */; };
		A28A5AFB255BD410007E66FA /* MainViewController.swift in Sources */ = {isa = PBXBuildFile; fileRef = A28A5AFA255BD410007E66FA /* MainViewController.swift */; };
		A28A5B01255BD410007E66FA /* Picho.xcdatamodeld in Sources */ = {isa = PBXBuildFile; fileRef = A28A5AFF255BD410007E66FA /* Picho.xcdatamodeld */; };
		A28A5B03255BD412007E66FA /* Assets.xcassets in Resources */ = {isa = PBXBuildFile; fileRef = A28A5B02255BD412007E66FA /* Assets.xcassets */; };
		A28A5B06255BD412007E66FA /* LaunchScreen.storyboard in Resources */ = {isa = PBXBuildFile; fileRef = A28A5B04255BD412007E66FA /* LaunchScreen.storyboard */; };
		A28A5B3A255C29F5007E66FA /* HealthKit.framework in Frameworks */ = {isa = PBXBuildFile; fileRef = A28A5B39255C29F5007E66FA /* HealthKit.framework */; };
/* End PBXBuildFile section */

/* Begin PBXFileReference section */
		047BD003AF371FA6292C078C /* Pods_Picho.framework */ = {isa = PBXFileReference; explicitFileType = wrapper.framework; includeInIndex = 0; path = Pods_Picho.framework; sourceTree = BUILT_PRODUCTS_DIR; };
		2381F76D255C03D5008004DE /* FormScreen1.swift */ = {isa = PBXFileReference; lastKnownFileType = sourcecode.swift; path = FormScreen1.swift; sourceTree = "<group>"; };
		2381F771255C03DB008004DE /* FormScreen2.swift */ = {isa = PBXFileReference; lastKnownFileType = sourcecode.swift; path = FormScreen2.swift; sourceTree = "<group>"; };
		2381F774255C03DF008004DE /* FormScreen3.swift */ = {isa = PBXFileReference; lastKnownFileType = sourcecode.swift; path = FormScreen3.swift; sourceTree = "<group>"; };
		2381F777255C03E3008004DE /* FormScreen4.swift */ = {isa = PBXFileReference; lastKnownFileType = sourcecode.swift; path = FormScreen4.swift; sourceTree = "<group>"; };
		2381F77A255C03E7008004DE /* FormScreen5.swift */ = {isa = PBXFileReference; lastKnownFileType = sourcecode.swift; path = FormScreen5.swift; sourceTree = "<group>"; };
		2381F77D255C03F1008004DE /* PageControlForm.swift */ = {isa = PBXFileReference; lastKnownFileType = sourcecode.swift; path = PageControlForm.swift; sourceTree = "<group>"; };
		2381F782255C0412008004DE /* DescriptionScreen1.swift */ = {isa = PBXFileReference; lastKnownFileType = sourcecode.swift; path = DescriptionScreen1.swift; sourceTree = "<group>"; };
		2381F786255C0416008004DE /* DescriptionScreen2.swift */ = {isa = PBXFileReference; lastKnownFileType = sourcecode.swift; path = DescriptionScreen2.swift; sourceTree = "<group>"; };
		2381F789255C0419008004DE /* DescriptionScreen3.swift */ = {isa = PBXFileReference; lastKnownFileType = sourcecode.swift; path = DescriptionScreen3.swift; sourceTree = "<group>"; };
		2381F78C255C041E008004DE /* DescriptionScreen4.swift */ = {isa = PBXFileReference; lastKnownFileType = sourcecode.swift; path = DescriptionScreen4.swift; sourceTree = "<group>"; };
		2381F78F255C0428008004DE /* PageControlDescription.swift */ = {isa = PBXFileReference; lastKnownFileType = sourcecode.swift; path = PageControlDescription.swift; sourceTree = "<group>"; };
		2381F793255C057D008004DE /* UITextfield+Extensions.swift */ = {isa = PBXFileReference; lastKnownFileType = sourcecode.swift; path = "UITextfield+Extensions.swift"; sourceTree = "<group>"; };
		238C9404255BEB0C00591791 /* FoodSearchViewController.swift */ = {isa = PBXFileReference; lastKnownFileType = sourcecode.swift; path = FoodSearchViewController.swift; sourceTree = "<group>"; };
		238C9408255BEB1900591791 /* FoodCell.swift */ = {isa = PBXFileReference; lastKnownFileType = sourcecode.swift; path = FoodCell.swift; sourceTree = "<group>"; };
		238C9411255BEBAF00591791 /* DetailCell.swift */ = {isa = PBXFileReference; lastKnownFileType = sourcecode.swift; path = DetailCell.swift; sourceTree = "<group>"; };
		238C9416255BEC2D00591791 /* StringOptional+Extensions.swift */ = {isa = PBXFileReference; lastKnownFileType = sourcecode.swift; path = "StringOptional+Extensions.swift"; sourceTree = "<group>"; };
		23FEB9D1255BDA40001EA146 /* FatSecretClient.swift */ = {isa = PBXFileReference; lastKnownFileType = sourcecode.swift; path = FatSecretClient.swift; sourceTree = "<group>"; };
		23FEB9D5255BDA49001EA146 /* FatSecretCredentials.swift */ = {isa = PBXFileReference; lastKnownFileType = sourcecode.swift; path = FatSecretCredentials.swift; sourceTree = "<group>"; };
		23FEB9D8255BDA53001EA146 /* FatSecretParams.swift */ = {isa = PBXFileReference; lastKnownFileType = sourcecode.swift; path = FatSecretParams.swift; sourceTree = "<group>"; };
		23FEB9DB255BDA6C001EA146 /* APIKey.swift */ = {isa = PBXFileReference; lastKnownFileType = sourcecode.swift; path = APIKey.swift; sourceTree = "<group>"; };
		23FEB9DE255BDA72001EA146 /* SearchedFood.swift */ = {isa = PBXFileReference; lastKnownFileType = sourcecode.swift; path = SearchedFood.swift; sourceTree = "<group>"; };
		23FEB9E1255BDA79001EA146 /* FatSecretError.swift */ = {isa = PBXFileReference; lastKnownFileType = sourcecode.swift; path = FatSecretError.swift; sourceTree = "<group>"; };
		23FEB9E4255BDA7D001EA146 /* Serving.swift */ = {isa = PBXFileReference; lastKnownFileType = sourcecode.swift; path = Serving.swift; sourceTree = "<group>"; };
		23FEB9E7255BDA81001EA146 /* Food.swift */ = {isa = PBXFileReference; lastKnownFileType = sourcecode.swift; path = Food.swift; sourceTree = "<group>"; };
		23FEB9EA255BDA85001EA146 /* Search.swift */ = {isa = PBXFileReference; lastKnownFileType = sourcecode.swift; path = Search.swift; sourceTree = "<group>"; };
		23FEB9ED255BDA8F001EA146 /* CharacterSet+Utils.swift */ = {isa = PBXFileReference; lastKnownFileType = sourcecode.swift; path = "CharacterSet+Utils.swift"; sourceTree = "<group>"; };
		23FEB9F0255BDA94001EA146 /* Array+Utils.swift */ = {isa = PBXFileReference; lastKnownFileType = sourcecode.swift; path = "Array+Utils.swift"; sourceTree = "<group>"; };
		23FEB9F3255BDA9C001EA146 /* URLComponents+Utils.swift */ = {isa = PBXFileReference; lastKnownFileType = sourcecode.swift; path = "URLComponents+Utils.swift"; sourceTree = "<group>"; };
		23FEB9F6255BDAA2001EA146 /* String+Utils.swift */ = {isa = PBXFileReference; lastKnownFileType = sourcecode.swift; path = "String+Utils.swift"; sourceTree = "<group>"; };
		23FEB9FD255BDAF3001EA146 /* AppCoordinator.swift */ = {isa = PBXFileReference; lastKnownFileType = sourcecode.swift; path = AppCoordinator.swift; sourceTree = "<group>"; };
		23FEBA01255BDB06001EA146 /* Color.swift */ = {isa = PBXFileReference; lastKnownFileType = sourcecode.swift; path = Color.swift; sourceTree = "<group>"; };
		23FEBA04255BDB10001EA146 /* EatingTime.swift */ = {isa = PBXFileReference; lastKnownFileType = sourcecode.swift; path = EatingTime.swift; sourceTree = "<group>"; };
		23FEBA0B255BDB42001EA146 /* NetworkService.swift */ = {isa = PBXFileReference; lastKnownFileType = sourcecode.swift; path = NetworkService.swift; sourceTree = "<group>"; };
		23FEBA0F255BDB48001EA146 /* CoreDataService.swift */ = {isa = PBXFileReference; lastKnownFileType = sourcecode.swift; path = CoreDataService.swift; sourceTree = "<group>"; };
		23FEBA12255BDB50001EA146 /* HealtKitService.swift */ = {isa = PBXFileReference; lastKnownFileType = sourcecode.swift; path = HealtKitService.swift; sourceTree = "<group>"; };
		23FEBA15255BDB55001EA146 /* UserDefaultService.swift */ = {isa = PBXFileReference; lastKnownFileType = sourcecode.swift; path = UserDefaultService.swift; sourceTree = "<group>"; };
		23FEBA1C255BDBB4001EA146 /* UIView+Extensions.swift */ = {isa = PBXFileReference; lastKnownFileType = sourcecode.swift; path = "UIView+Extensions.swift"; sourceTree = "<group>"; };
		23FEBA20255BDBBB001EA146 /* Date+Extensions.swift */ = {isa = PBXFileReference; lastKnownFileType = sourcecode.swift; path = "Date+Extensions.swift"; sourceTree = "<group>"; };
		23FEBA23255BDBC2001EA146 /* Array+Extensions.swift */ = {isa = PBXFileReference; lastKnownFileType = sourcecode.swift; path = "Array+Extensions.swift"; sourceTree = "<group>"; };
		23FEBA26255BDBCA001EA146 /* UILabel+Extensions.swift */ = {isa = PBXFileReference; lastKnownFileType = sourcecode.swift; path = "UILabel+Extensions.swift"; sourceTree = "<group>"; };
		23FEBA30255BDC7A001EA146 /* MainProgressView.swift */ = {isa = PBXFileReference; lastKnownFileType = sourcecode.swift; path = MainProgressView.swift; sourceTree = "<group>"; };
		23FEBA33255BDC81001EA146 /* HorizontalView.swift */ = {isa = PBXFileReference; lastKnownFileType = sourcecode.swift; path = HorizontalView.swift; sourceTree = "<group>"; };
		23FEBA36255BDC87001EA146 /* MealTodayView.swift */ = {isa = PBXFileReference; lastKnownFileType = sourcecode.swift; path = MealTodayView.swift; sourceTree = "<group>"; };
		23FEBA3A255BDCA5001EA146 /* CircularProgressView.swift */ = {isa = PBXFileReference; lastKnownFileType = sourcecode.swift; path = CircularProgressView.swift; sourceTree = "<group>"; };
		23FEBA3E255BDCAE001EA146 /* SmallCircularProgressView.swift */ = {isa = PBXFileReference; lastKnownFileType = sourcecode.swift; path = SmallCircularProgressView.swift; sourceTree = "<group>"; };
		23FEBA45255BDCBC001EA146 /* PichoCardView.swift */ = {isa = PBXFileReference; lastKnownFileType = sourcecode.swift; path = PichoCardView.swift; sourceTree = "<group>"; };
		23FEBA4C255BDD49001EA146 /* ProfileViewModel.swift */ = {isa = PBXFileReference; lastKnownFileType = sourcecode.swift; path = ProfileViewModel.swift; sourceTree = "<group>"; };
		23FEBA4F255BDD51001EA146 /* ProfileViewController.swift */ = {isa = PBXFileReference; lastKnownFileType = sourcecode.swift; path = ProfileViewController.swift; sourceTree = "<group>"; };
		23FEBA52255BDD59001EA146 /* Value1Cell.swift */ = {isa = PBXFileReference; lastKnownFileType = sourcecode.swift; path = Value1Cell.swift; sourceTree = "<group>"; };
		23FEBA55255BDD75001EA146 /* HistoryViewController.swift */ = {isa = PBXFileReference; lastKnownFileType = sourcecode.swift; path = HistoryViewController.swift; sourceTree = "<group>"; };
		23FEBA58255BDD90001EA146 /* FoodDetailScreen.swift */ = {isa = PBXFileReference; lastKnownFileType = sourcecode.swift; path = FoodDetailScreen.swift; sourceTree = "<group>"; };
		23FEBA5B255BDDB2001EA146 /* FoodInputViewController.swift */ = {isa = PBXFileReference; lastKnownFileType = sourcecode.swift; path = FoodInputViewController.swift; sourceTree = "<group>"; };
		23FEBA5E255BDDE6001EA146 /* NSAttributedString+Extensions.swift */ = {isa = PBXFileReference; lastKnownFileType = sourcecode.swift; path = "NSAttributedString+Extensions.swift"; sourceTree = "<group>"; };
		23FEBA61255BDF3A001EA146 /* NotificationViewController.swift */ = {isa = PBXFileReference; lastKnownFileType = sourcecode.swift; path = NotificationViewController.swift; sourceTree = "<group>"; };
		23FEBA68255BE00C001EA146 /* MealCellView.swift */ = {isa = PBXFileReference; lastKnownFileType = sourcecode.swift; path = MealCellView.swift; sourceTree = "<group>"; };
		49A721B55AC962597415D463 /* Pods-Picho.release.xcconfig */ = {isa = PBXFileReference; includeInIndex = 1; lastKnownFileType = text.xcconfig; name = "Pods-Picho.release.xcconfig"; path = "Target Support Files/Pods-Picho/Pods-Picho.release.xcconfig"; sourceTree = "<group>"; };
		A28A5AF3255BD410007E66FA /* Picho.app */ = {isa = PBXFileReference; explicitFileType = wrapper.application; includeInIndex = 0; path = Picho.app; sourceTree = BUILT_PRODUCTS_DIR; };
		A28A5AF6255BD410007E66FA /* AppDelegate.swift */ = {isa = PBXFileReference; lastKnownFileType = sourcecode.swift; path = AppDelegate.swift; sourceTree = "<group>"; };
		A28A5AF8255BD410007E66FA /* SceneDelegate.swift */ = {isa = PBXFileReference; lastKnownFileType = sourcecode.swift; path = SceneDelegate.swift; sourceTree = "<group>"; };
		A28A5AFA255BD410007E66FA /* MainViewController.swift */ = {isa = PBXFileReference; lastKnownFileType = sourcecode.swift; path = MainViewController.swift; sourceTree = "<group>"; };
		A28A5B00255BD410007E66FA /* Picho.xcdatamodel */ = {isa = PBXFileReference; lastKnownFileType = wrapper.xcdatamodel; path = Picho.xcdatamodel; sourceTree = "<group>"; };
		A28A5B02255BD412007E66FA /* Assets.xcassets */ = {isa = PBXFileReference; lastKnownFileType = folder.assetcatalog; path = Assets.xcassets; sourceTree = "<group>"; };
		A28A5B05255BD412007E66FA /* Base */ = {isa = PBXFileReference; lastKnownFileType = file.storyboard; name = Base; path = Base.lproj/LaunchScreen.storyboard; sourceTree = "<group>"; };
		A28A5B07255BD412007E66FA /* Info.plist */ = {isa = PBXFileReference; lastKnownFileType = text.plist.xml; path = Info.plist; sourceTree = "<group>"; };
		A28A5B38255C29F4007E66FA /* Picho.entitlements */ = {isa = PBXFileReference; lastKnownFileType = text.plist.entitlements; path = Picho.entitlements; sourceTree = "<group>"; };
		A28A5B39255C29F5007E66FA /* HealthKit.framework */ = {isa = PBXFileReference; lastKnownFileType = wrapper.framework; name = HealthKit.framework; path = System/Library/Frameworks/HealthKit.framework; sourceTree = SDKROOT; };
		DF51C23FDE764A8B4E5209B0 /* Pods-Picho.debug.xcconfig */ = {isa = PBXFileReference; includeInIndex = 1; lastKnownFileType = text.xcconfig; name = "Pods-Picho.debug.xcconfig"; path = "Target Support Files/Pods-Picho/Pods-Picho.debug.xcconfig"; sourceTree = "<group>"; };
/* End PBXFileReference section */

/* Begin PBXFrameworksBuildPhase section */
		A28A5AF0255BD410007E66FA /* Frameworks */ = {
			isa = PBXFrameworksBuildPhase;
			buildActionMask = 2147483647;
			files = (
				6BE5482A823830922085C9A8 /* Pods_Picho.framework in Frameworks */,
				A28A5B3A255C29F5007E66FA /* HealthKit.framework in Frameworks */,
			);
			runOnlyForDeploymentPostprocessing = 0;
		};
/* End PBXFrameworksBuildPhase section */

/* Begin PBXGroup section */
		2381F76C255C03C3008004DE /* Onboarding */ = {
			isa = PBXGroup;
			children = (
				2381F781255C03FE008004DE /* Description */,
				2381F780255C03F6008004DE /* Forms */,
			);
			name = Onboarding;
			sourceTree = "<group>";
		};
		2381F780255C03F6008004DE /* Forms */ = {
			isa = PBXGroup;
			children = (
				2381F76D255C03D5008004DE /* FormScreen1.swift */,
				2381F771255C03DB008004DE /* FormScreen2.swift */,
				2381F774255C03DF008004DE /* FormScreen3.swift */,
				2381F777255C03E3008004DE /* FormScreen4.swift */,
				2381F77A255C03E7008004DE /* FormScreen5.swift */,
				2381F77D255C03F1008004DE /* PageControlForm.swift */,
			);
			name = Forms;
			sourceTree = "<group>";
		};
		2381F781255C03FE008004DE /* Description */ = {
			isa = PBXGroup;
			children = (
				2381F782255C0412008004DE /* DescriptionScreen1.swift */,
				2381F786255C0416008004DE /* DescriptionScreen2.swift */,
				2381F789255C0419008004DE /* DescriptionScreen3.swift */,
				2381F78C255C041E008004DE /* DescriptionScreen4.swift */,
				2381F78F255C0428008004DE /* PageControlDescription.swift */,
			);
			name = Description;
			sourceTree = "<group>";
		};
		238C9403255BEAF700591791 /* FoodSearchScreen */ = {
			isa = PBXGroup;
			children = (
				238C9404255BEB0C00591791 /* FoodSearchViewController.swift */,
				238C940B255BEB1D00591791 /* ReusableViews */,
			);
			name = FoodSearchScreen;
			sourceTree = "<group>";
		};
		238C940B255BEB1D00591791 /* ReusableViews */ = {
			isa = PBXGroup;
			children = (
				238C9408255BEB1900591791 /* FoodCell.swift */,
			);
			name = ReusableViews;
			sourceTree = "<group>";
		};
		238C9414255BEBB500591791 /* Cells */ = {
			isa = PBXGroup;
			children = (
				238C9411255BEBAF00591791 /* DetailCell.swift */,
			);
			name = Cells;
			sourceTree = "<group>";
		};
		23FEB9D0255BDA35001EA146 /* FatSecretSwift */ = {
			isa = PBXGroup;
			children = (
				23FEB9D1255BDA40001EA146 /* FatSecretClient.swift */,
				23FEB9D5255BDA49001EA146 /* FatSecretCredentials.swift */,
				23FEB9D8255BDA53001EA146 /* FatSecretParams.swift */,
				23FEB9FA255BDAAE001EA146 /* Models */,
				23FEB9F9255BDAA7001EA146 /* Extensions */,
			);
			name = FatSecretSwift;
			sourceTree = "<group>";
		};
		23FEB9F9255BDAA7001EA146 /* Extensions */ = {
			isa = PBXGroup;
			children = (
				23FEB9ED255BDA8F001EA146 /* CharacterSet+Utils.swift */,
				23FEB9F0255BDA94001EA146 /* Array+Utils.swift */,
				23FEB9F3255BDA9C001EA146 /* URLComponents+Utils.swift */,
				23FEB9F6255BDAA2001EA146 /* String+Utils.swift */,
			);
			name = Extensions;
			sourceTree = "<group>";
		};
		23FEB9FA255BDAAE001EA146 /* Models */ = {
			isa = PBXGroup;
			children = (
				23FEB9DB255BDA6C001EA146 /* APIKey.swift */,
				23FEB9DE255BDA72001EA146 /* SearchedFood.swift */,
				23FEB9E1255BDA79001EA146 /* FatSecretError.swift */,
				23FEB9E4255BDA7D001EA146 /* Serving.swift */,
				23FEB9E7255BDA81001EA146 /* Food.swift */,
				23FEB9EA255BDA85001EA146 /* Search.swift */,
			);
			name = Models;
			sourceTree = "<group>";
		};
		23FEB9FC255BDAED001EA146 /* Base */ = {
			isa = PBXGroup;
			children = (
				A28A5AF6255BD410007E66FA /* AppDelegate.swift */,
				A28A5AF8255BD410007E66FA /* SceneDelegate.swift */,
				23FEB9FD255BDAF3001EA146 /* AppCoordinator.swift */,
			);
			name = Base;
			sourceTree = "<group>";
		};
		23FEBA07255BDB16001EA146 /* Constants */ = {
			isa = PBXGroup;
			children = (
				23FEBA01255BDB06001EA146 /* Color.swift */,
				23FEBA04255BDB10001EA146 /* EatingTime.swift */,
			);
			name = Constants;
			sourceTree = "<group>";
		};
		23FEBA09255BDB2D001EA146 /* Services */ = {
			isa = PBXGroup;
			children = (
				23FEBA0B255BDB42001EA146 /* NetworkService.swift */,
				23FEBA0F255BDB48001EA146 /* CoreDataService.swift */,
				23FEBA12255BDB50001EA146 /* HealtKitService.swift */,
				23FEBA15255BDB55001EA146 /* UserDefaultService.swift */,
				238C9416255BEC2D00591791 /* StringOptional+Extensions.swift */,
			);
			name = Services;
			sourceTree = "<group>";
		};
		23FEBA1B255BDBA9001EA146 /* Extensions */ = {
			isa = PBXGroup;
			children = (
				23FEBA1C255BDBB4001EA146 /* UIView+Extensions.swift */,
				23FEBA20255BDBBB001EA146 /* Date+Extensions.swift */,
				23FEBA23255BDBC2001EA146 /* Array+Extensions.swift */,
				23FEBA26255BDBCA001EA146 /* UILabel+Extensions.swift */,
				23FEBA5E255BDDE6001EA146 /* NSAttributedString+Extensions.swift */,
				2381F793255C057D008004DE /* UITextfield+Extensions.swift */,
			);
			name = Extensions;
			sourceTree = "<group>";
		};
		23FEBA29255BDBF2001EA146 /* ViewControllers */ = {
			isa = PBXGroup;
			children = (
				23FEBA2A255BDC09001EA146 /* MainScreen */,
				23FEBA48255BDCEA001EA146 /* FoodInputScreen */,
				238C9403255BEAF700591791 /* FoodSearchScreen */,
				23FEBA49255BDCFE001EA146 /* FoodDetailScreen */,
				23FEBA4A255BDD06001EA146 /* HistoryScreen */,
				23FEBA4B255BDD0E001EA146 /* ProfileScreen */,
			);
			name = ViewControllers;
			sourceTree = "<group>";
		};
		23FEBA2A255BDC09001EA146 /* MainScreen */ = {
			isa = PBXGroup;
			children = (
				A28A5AFA255BD410007E66FA /* MainViewController.swift */,
				23FEBA2F255BDC73001EA146 /* Components */,
				23FEBA39255BDC8A001EA146 /* ReusableViews */,
			);
			name = MainScreen;
			sourceTree = "<group>";
		};
		23FEBA2F255BDC73001EA146 /* Components */ = {
			isa = PBXGroup;
			children = (
				23FEBA30255BDC7A001EA146 /* MainProgressView.swift */,
				23FEBA33255BDC81001EA146 /* HorizontalView.swift */,
				23FEBA36255BDC87001EA146 /* MealTodayView.swift */,
			);
			name = Components;
			sourceTree = "<group>";
		};
		23FEBA39255BDC8A001EA146 /* ReusableViews */ = {
			isa = PBXGroup;
			children = (
				23FEBA3A255BDCA5001EA146 /* CircularProgressView.swift */,
				23FEBA3E255BDCAE001EA146 /* SmallCircularProgressView.swift */,
				23FEBA45255BDCBC001EA146 /* PichoCardView.swift */,
				23FEBA68255BE00C001EA146 /* MealCellView.swift */,
			);
			name = ReusableViews;
			sourceTree = "<group>";
		};
		23FEBA48255BDCEA001EA146 /* FoodInputScreen */ = {
			isa = PBXGroup;
			children = (
				23FEBA5B255BDDB2001EA146 /* FoodInputViewController.swift */,
			);
			name = FoodInputScreen;
			sourceTree = "<group>";
		};
		23FEBA49255BDCFE001EA146 /* FoodDetailScreen */ = {
			isa = PBXGroup;
			children = (
				23FEBA58255BDD90001EA146 /* FoodDetailScreen.swift */,
				238C9414255BEBB500591791 /* Cells */,
			);
			name = FoodDetailScreen;
			sourceTree = "<group>";
		};
		23FEBA4A255BDD06001EA146 /* HistoryScreen */ = {
			isa = PBXGroup;
			children = (
				23FEBA55255BDD75001EA146 /* HistoryViewController.swift */,
			);
			name = HistoryScreen;
			sourceTree = "<group>";
		};
		23FEBA4B255BDD0E001EA146 /* ProfileScreen */ = {
			isa = PBXGroup;
			children = (
				23FEBA4C255BDD49001EA146 /* ProfileViewModel.swift */,
				23FEBA4F255BDD51001EA146 /* ProfileViewController.swift */,
				23FEBA52255BDD59001EA146 /* Value1Cell.swift */,
				23FEBA61255BDF3A001EA146 /* NotificationViewController.swift */,
			);
			name = ProfileScreen;
			sourceTree = "<group>";
		};
		A28A5AEA255BD410007E66FA = {
			isa = PBXGroup;
			children = (
				A28A5AF5255BD410007E66FA /* Picho */,
				A28A5AF4255BD410007E66FA /* Products */,
				D6663EF5AF51E1CE43F841C8 /* Pods */,
				C59C51F3F5CAC9CDBE9448C0 /* Frameworks */,
			);
			sourceTree = "<group>";
		};
		A28A5AF4255BD410007E66FA /* Products */ = {
			isa = PBXGroup;
			children = (
				A28A5AF3255BD410007E66FA /* Picho.app */,
			);
			name = Products;
			sourceTree = "<group>";
		};
		A28A5AF5255BD410007E66FA /* Picho */ = {
			isa = PBXGroup;
			children = (
				A28A5B38255C29F4007E66FA /* Picho.entitlements */,
				23FEB9D0255BDA35001EA146 /* FatSecretSwift */,
				23FEB9FC255BDAED001EA146 /* Base */,
				23FEBA07255BDB16001EA146 /* Constants */,
				23FEBA09255BDB2D001EA146 /* Services */,
				23FEBA1B255BDBA9001EA146 /* Extensions */,
				2381F76C255C03C3008004DE /* Onboarding */,
				23FEBA29255BDBF2001EA146 /* ViewControllers */,
				A28A5B02255BD412007E66FA /* Assets.xcassets */,
				A28A5B04255BD412007E66FA /* LaunchScreen.storyboard */,
				A28A5B07255BD412007E66FA /* Info.plist */,
				A28A5AFF255BD410007E66FA /* Picho.xcdatamodeld */,
			);
			path = Picho;
			sourceTree = "<group>";
		};
		C59C51F3F5CAC9CDBE9448C0 /* Frameworks */ = {
			isa = PBXGroup;
			children = (
				A28A5B39255C29F5007E66FA /* HealthKit.framework */,
				047BD003AF371FA6292C078C /* Pods_Picho.framework */,
			);
			name = Frameworks;
			sourceTree = "<group>";
		};
		D6663EF5AF51E1CE43F841C8 /* Pods */ = {
			isa = PBXGroup;
			children = (
				DF51C23FDE764A8B4E5209B0 /* Pods-Picho.debug.xcconfig */,
				49A721B55AC962597415D463 /* Pods-Picho.release.xcconfig */,
			);
			path = Pods;
			sourceTree = "<group>";
		};
/* End PBXGroup section */

/* Begin PBXNativeTarget section */
		A28A5AF2255BD410007E66FA /* Picho */ = {
			isa = PBXNativeTarget;
			buildConfigurationList = A28A5B0A255BD412007E66FA /* Build configuration list for PBXNativeTarget "Picho" */;
			buildPhases = (
				E03421C13982FD90E3474FD4 /* [CP] Check Pods Manifest.lock */,
				A28A5AEF255BD410007E66FA /* Sources */,
				A28A5AF0255BD410007E66FA /* Frameworks */,
				A28A5AF1255BD410007E66FA /* Resources */,
				F44496C6BA0AD6CDC45EDA8E /* [CP] Embed Pods Frameworks */,
			);
			buildRules = (
			);
			dependencies = (
			);
			name = Picho;
			productName = Picho;
			productReference = A28A5AF3255BD410007E66FA /* Picho.app */;
			productType = "com.apple.product-type.application";
		};
/* End PBXNativeTarget section */

/* Begin PBXProject section */
		A28A5AEB255BD410007E66FA /* Project object */ = {
			isa = PBXProject;
			attributes = {
				LastSwiftUpdateCheck = 1210;
				LastUpgradeCheck = 1210;
				TargetAttributes = {
					A28A5AF2255BD410007E66FA = {
						CreatedOnToolsVersion = 12.1;
					};
				};
			};
			buildConfigurationList = A28A5AEE255BD410007E66FA /* Build configuration list for PBXProject "Picho" */;
			compatibilityVersion = "Xcode 9.3";
			developmentRegion = en;
			hasScannedForEncodings = 0;
			knownRegions = (
				en,
				Base,
			);
			mainGroup = A28A5AEA255BD410007E66FA;
			productRefGroup = A28A5AF4255BD410007E66FA /* Products */;
			projectDirPath = "";
			projectRoot = "";
			targets = (
				A28A5AF2255BD410007E66FA /* Picho */,
			);
		};
/* End PBXProject section */

/* Begin PBXResourcesBuildPhase section */
		A28A5AF1255BD410007E66FA /* Resources */ = {
			isa = PBXResourcesBuildPhase;
			buildActionMask = 2147483647;
			files = (
				A28A5B06255BD412007E66FA /* LaunchScreen.storyboard in Resources */,
				A28A5B03255BD412007E66FA /* Assets.xcassets in Resources */,
			);
			runOnlyForDeploymentPostprocessing = 0;
		};
/* End PBXResourcesBuildPhase section */

/* Begin PBXShellScriptBuildPhase section */
		E03421C13982FD90E3474FD4 /* [CP] Check Pods Manifest.lock */ = {
			isa = PBXShellScriptBuildPhase;
			buildActionMask = 2147483647;
			files = (
			);
			inputFileListPaths = (
			);
			inputPaths = (
				"${PODS_PODFILE_DIR_PATH}/Podfile.lock",
				"${PODS_ROOT}/Manifest.lock",
			);
			name = "[CP] Check Pods Manifest.lock";
			outputFileListPaths = (
			);
			outputPaths = (
				"$(DERIVED_FILE_DIR)/Pods-Picho-checkManifestLockResult.txt",
			);
			runOnlyForDeploymentPostprocessing = 0;
			shellPath = /bin/sh;
			shellScript = "diff \"${PODS_PODFILE_DIR_PATH}/Podfile.lock\" \"${PODS_ROOT}/Manifest.lock\" > /dev/null\nif [ $? != 0 ] ; then\n    # print error to STDERR\n    echo \"error: The sandbox is not in sync with the Podfile.lock. Run 'pod install' or update your CocoaPods installation.\" >&2\n    exit 1\nfi\n# This output is used by Xcode 'outputs' to avoid re-running this script phase.\necho \"SUCCESS\" > \"${SCRIPT_OUTPUT_FILE_0}\"\n";
			showEnvVarsInLog = 0;
		};
		F44496C6BA0AD6CDC45EDA8E /* [CP] Embed Pods Frameworks */ = {
			isa = PBXShellScriptBuildPhase;
			buildActionMask = 2147483647;
			files = (
			);
			inputFileListPaths = (
				"${PODS_ROOT}/Target Support Files/Pods-Picho/Pods-Picho-frameworks-${CONFIGURATION}-input-files.xcfilelist",
			);
			name = "[CP] Embed Pods Frameworks";
			outputFileListPaths = (
				"${PODS_ROOT}/Target Support Files/Pods-Picho/Pods-Picho-frameworks-${CONFIGURATION}-output-files.xcfilelist",
			);
			runOnlyForDeploymentPostprocessing = 0;
			shellPath = /bin/sh;
			shellScript = "\"${PODS_ROOT}/Target Support Files/Pods-Picho/Pods-Picho-frameworks.sh\"\n";
			showEnvVarsInLog = 0;
		};
/* End PBXShellScriptBuildPhase section */

/* Begin PBXSourcesBuildPhase section */
		A28A5AEF255BD410007E66FA /* Sources */ = {
			isa = PBXSourcesBuildPhase;
			buildActionMask = 2147483647;
			files = (
				23FEBA5C255BDDB2001EA146 /* FoodInputViewController.swift in Sources */,
				23FEB9EE255BDA8F001EA146 /* CharacterSet+Utils.swift in Sources */,
				23FEB9F7255BDAA2001EA146 /* String+Utils.swift in Sources */,
				23FEBA1D255BDBB4001EA146 /* UIView+Extensions.swift in Sources */,
				2381F778255C03E3008004DE /* FormScreen4.swift in Sources */,
				23FEBA21255BDBBB001EA146 /* Date+Extensions.swift in Sources */,
				2381F783255C0412008004DE /* DescriptionScreen1.swift in Sources */,
				2381F77E255C03F1008004DE /* PageControlForm.swift in Sources */,
				23FEBA62255BDF3A001EA146 /* NotificationViewController.swift in Sources */,
				23FEBA05255BDB10001EA146 /* EatingTime.swift in Sources */,
				238C9409255BEB1900591791 /* FoodCell.swift in Sources */,
				23FEB9EB255BDA85001EA146 /* Search.swift in Sources */,
				23FEB9D6255BDA49001EA146 /* FatSecretCredentials.swift in Sources */,
				23FEBA31255BDC7A001EA146 /* MainProgressView.swift in Sources */,
				A28A5AFB255BD410007E66FA /* MainViewController.swift in Sources */,
				23FEBA10255BDB48001EA146 /* CoreDataService.swift in Sources */,
				23FEB9F1255BDA94001EA146 /* Array+Utils.swift in Sources */,
				23FEBA13255BDB50001EA146 /* HealtKitService.swift in Sources */,
				23FEBA34255BDC81001EA146 /* HorizontalView.swift in Sources */,
				2381F790255C0428008004DE /* PageControlDescription.swift in Sources */,
				23FEB9FE255BDAF3001EA146 /* AppCoordinator.swift in Sources */,
				23FEB9DF255BDA72001EA146 /* SearchedFood.swift in Sources */,
				2381F77B255C03E7008004DE /* FormScreen5.swift in Sources */,
				23FEBA53255BDD59001EA146 /* Value1Cell.swift in Sources */,
				238C9405255BEB0C00591791 /* FoodSearchViewController.swift in Sources */,
				23FEBA37255BDC87001EA146 /* MealTodayView.swift in Sources */,
				2381F78D255C041E008004DE /* DescriptionScreen4.swift in Sources */,
				23FEB9DC255BDA6C001EA146 /* APIKey.swift in Sources */,
				23FEB9D2255BDA40001EA146 /* FatSecretClient.swift in Sources */,
				23FEB9E8255BDA81001EA146 /* Food.swift in Sources */,
				2381F775255C03DF008004DE /* FormScreen3.swift in Sources */,
				23FEBA59255BDD90001EA146 /* FoodDetailScreen.swift in Sources */,
				23FEBA69255BE00C001EA146 /* MealCellView.swift in Sources */,
				23FEBA02255BDB06001EA146 /* Color.swift in Sources */,
				2381F794255C057D008004DE /* UITextfield+Extensions.swift in Sources */,
				2381F787255C0416008004DE /* DescriptionScreen2.swift in Sources */,
				23FEBA0C255BDB42001EA146 /* NetworkService.swift in Sources */,
				238C9412255BEBAF00591791 /* DetailCell.swift in Sources */,
				23FEBA16255BDB55001EA146 /* UserDefaultService.swift in Sources */,
				2381F78A255C0419008004DE /* DescriptionScreen3.swift in Sources */,
				23FEBA3F255BDCAE001EA146 /* SmallCircularProgressView.swift in Sources */,
				23FEBA24255BDBC2001EA146 /* Array+Extensions.swift in Sources */,
				23FEBA27255BDBCA001EA146 /* UILabel+Extensions.swift in Sources */,
				238C9417255BEC2D00591791 /* StringOptional+Extensions.swift in Sources */,
				23FEB9F4255BDA9C001EA146 /* URLComponents+Utils.swift in Sources */,
				A28A5B01255BD410007E66FA /* Picho.xcdatamodeld in Sources */,
				23FEBA5F255BDDE6001EA146 /* NSAttributedString+Extensions.swift in Sources */,
				2381F772255C03DB008004DE /* FormScreen2.swift in Sources */,
				23FEBA3B255BDCA6001EA146 /* CircularProgressView.swift in Sources */,
				23FEBA56255BDD75001EA146 /* HistoryViewController.swift in Sources */,
				23FEB9E2255BDA79001EA146 /* FatSecretError.swift in Sources */,
				23FEBA4D255BDD49001EA146 /* ProfileViewModel.swift in Sources */,
				23FEB9D9255BDA53001EA146 /* FatSecretParams.swift in Sources */,
				23FEBA46255BDCBC001EA146 /* PichoCardView.swift in Sources */,
				A28A5AF7255BD410007E66FA /* AppDelegate.swift in Sources */,
				2381F76E255C03D5008004DE /* FormScreen1.swift in Sources */,
				23FEBA50255BDD51001EA146 /* ProfileViewController.swift in Sources */,
				23FEB9E5255BDA7D001EA146 /* Serving.swift in Sources */,
				A28A5AF9255BD410007E66FA /* SceneDelegate.swift in Sources */,
			);
			runOnlyForDeploymentPostprocessing = 0;
		};
/* End PBXSourcesBuildPhase section */

/* Begin PBXVariantGroup section */
		A28A5B04255BD412007E66FA /* LaunchScreen.storyboard */ = {
			isa = PBXVariantGroup;
			children = (
				A28A5B05255BD412007E66FA /* Base */,
			);
			name = LaunchScreen.storyboard;
			sourceTree = "<group>";
		};
/* End PBXVariantGroup section */

/* Begin XCBuildConfiguration section */
		A28A5B08255BD412007E66FA /* Debug */ = {
			isa = XCBuildConfiguration;
			buildSettings = {
				ALWAYS_SEARCH_USER_PATHS = NO;
				CLANG_ANALYZER_NONNULL = YES;
				CLANG_ANALYZER_NUMBER_OBJECT_CONVERSION = YES_AGGRESSIVE;
				CLANG_CXX_LANGUAGE_STANDARD = "gnu++14";
				CLANG_CXX_LIBRARY = "libc++";
				CLANG_ENABLE_MODULES = YES;
				CLANG_ENABLE_OBJC_ARC = YES;
				CLANG_ENABLE_OBJC_WEAK = YES;
				CLANG_WARN_BLOCK_CAPTURE_AUTORELEASING = YES;
				CLANG_WARN_BOOL_CONVERSION = YES;
				CLANG_WARN_COMMA = YES;
				CLANG_WARN_CONSTANT_CONVERSION = YES;
				CLANG_WARN_DEPRECATED_OBJC_IMPLEMENTATIONS = YES;
				CLANG_WARN_DIRECT_OBJC_ISA_USAGE = YES_ERROR;
				CLANG_WARN_DOCUMENTATION_COMMENTS = YES;
				CLANG_WARN_EMPTY_BODY = YES;
				CLANG_WARN_ENUM_CONVERSION = YES;
				CLANG_WARN_INFINITE_RECURSION = YES;
				CLANG_WARN_INT_CONVERSION = YES;
				CLANG_WARN_NON_LITERAL_NULL_CONVERSION = YES;
				CLANG_WARN_OBJC_IMPLICIT_RETAIN_SELF = YES;
				CLANG_WARN_OBJC_LITERAL_CONVERSION = YES;
				CLANG_WARN_OBJC_ROOT_CLASS = YES_ERROR;
				CLANG_WARN_QUOTED_INCLUDE_IN_FRAMEWORK_HEADER = YES;
				CLANG_WARN_RANGE_LOOP_ANALYSIS = YES;
				CLANG_WARN_STRICT_PROTOTYPES = YES;
				CLANG_WARN_SUSPICIOUS_MOVE = YES;
				CLANG_WARN_UNGUARDED_AVAILABILITY = YES_AGGRESSIVE;
				CLANG_WARN_UNREACHABLE_CODE = YES;
				CLANG_WARN__DUPLICATE_METHOD_MATCH = YES;
				COPY_PHASE_STRIP = NO;
				DEBUG_INFORMATION_FORMAT = dwarf;
				ENABLE_STRICT_OBJC_MSGSEND = YES;
				ENABLE_TESTABILITY = YES;
				GCC_C_LANGUAGE_STANDARD = gnu11;
				GCC_DYNAMIC_NO_PIC = NO;
				GCC_NO_COMMON_BLOCKS = YES;
				GCC_OPTIMIZATION_LEVEL = 0;
				GCC_PREPROCESSOR_DEFINITIONS = (
					"DEBUG=1",
					"$(inherited)",
				);
				GCC_WARN_64_TO_32_BIT_CONVERSION = YES;
				GCC_WARN_ABOUT_RETURN_TYPE = YES_ERROR;
				GCC_WARN_UNDECLARED_SELECTOR = YES;
				GCC_WARN_UNINITIALIZED_AUTOS = YES_AGGRESSIVE;
				GCC_WARN_UNUSED_FUNCTION = YES;
				GCC_WARN_UNUSED_VARIABLE = YES;
				IPHONEOS_DEPLOYMENT_TARGET = 14.1;
				MTL_ENABLE_DEBUG_INFO = INCLUDE_SOURCE;
				MTL_FAST_MATH = YES;
				ONLY_ACTIVE_ARCH = YES;
				SDKROOT = iphoneos;
				SWIFT_ACTIVE_COMPILATION_CONDITIONS = DEBUG;
				SWIFT_OPTIMIZATION_LEVEL = "-Onone";
			};
			name = Debug;
		};
		A28A5B09255BD412007E66FA /* Release */ = {
			isa = XCBuildConfiguration;
			buildSettings = {
				ALWAYS_SEARCH_USER_PATHS = NO;
				CLANG_ANALYZER_NONNULL = YES;
				CLANG_ANALYZER_NUMBER_OBJECT_CONVERSION = YES_AGGRESSIVE;
				CLANG_CXX_LANGUAGE_STANDARD = "gnu++14";
				CLANG_CXX_LIBRARY = "libc++";
				CLANG_ENABLE_MODULES = YES;
				CLANG_ENABLE_OBJC_ARC = YES;
				CLANG_ENABLE_OBJC_WEAK = YES;
				CLANG_WARN_BLOCK_CAPTURE_AUTORELEASING = YES;
				CLANG_WARN_BOOL_CONVERSION = YES;
				CLANG_WARN_COMMA = YES;
				CLANG_WARN_CONSTANT_CONVERSION = YES;
				CLANG_WARN_DEPRECATED_OBJC_IMPLEMENTATIONS = YES;
				CLANG_WARN_DIRECT_OBJC_ISA_USAGE = YES_ERROR;
				CLANG_WARN_DOCUMENTATION_COMMENTS = YES;
				CLANG_WARN_EMPTY_BODY = YES;
				CLANG_WARN_ENUM_CONVERSION = YES;
				CLANG_WARN_INFINITE_RECURSION = YES;
				CLANG_WARN_INT_CONVERSION = YES;
				CLANG_WARN_NON_LITERAL_NULL_CONVERSION = YES;
				CLANG_WARN_OBJC_IMPLICIT_RETAIN_SELF = YES;
				CLANG_WARN_OBJC_LITERAL_CONVERSION = YES;
				CLANG_WARN_OBJC_ROOT_CLASS = YES_ERROR;
				CLANG_WARN_QUOTED_INCLUDE_IN_FRAMEWORK_HEADER = YES;
				CLANG_WARN_RANGE_LOOP_ANALYSIS = YES;
				CLANG_WARN_STRICT_PROTOTYPES = YES;
				CLANG_WARN_SUSPICIOUS_MOVE = YES;
				CLANG_WARN_UNGUARDED_AVAILABILITY = YES_AGGRESSIVE;
				CLANG_WARN_UNREACHABLE_CODE = YES;
				CLANG_WARN__DUPLICATE_METHOD_MATCH = YES;
				COPY_PHASE_STRIP = NO;
				DEBUG_INFORMATION_FORMAT = "dwarf-with-dsym";
				ENABLE_NS_ASSERTIONS = NO;
				ENABLE_STRICT_OBJC_MSGSEND = YES;
				GCC_C_LANGUAGE_STANDARD = gnu11;
				GCC_NO_COMMON_BLOCKS = YES;
				GCC_WARN_64_TO_32_BIT_CONVERSION = YES;
				GCC_WARN_ABOUT_RETURN_TYPE = YES_ERROR;
				GCC_WARN_UNDECLARED_SELECTOR = YES;
				GCC_WARN_UNINITIALIZED_AUTOS = YES_AGGRESSIVE;
				GCC_WARN_UNUSED_FUNCTION = YES;
				GCC_WARN_UNUSED_VARIABLE = YES;
				IPHONEOS_DEPLOYMENT_TARGET = 14.1;
				MTL_ENABLE_DEBUG_INFO = NO;
				MTL_FAST_MATH = YES;
				SDKROOT = iphoneos;
				SWIFT_COMPILATION_MODE = wholemodule;
				SWIFT_OPTIMIZATION_LEVEL = "-O";
				VALIDATE_PRODUCT = YES;
			};
			name = Release;
		};
		A28A5B0B255BD412007E66FA /* Debug */ = {
			isa = XCBuildConfiguration;
			baseConfigurationReference = DF51C23FDE764A8B4E5209B0 /* Pods-Picho.debug.xcconfig */;
			buildSettings = {
				ASSETCATALOG_COMPILER_APPICON_NAME = AppIcon;
				ASSETCATALOG_COMPILER_GLOBAL_ACCENT_COLOR_NAME = AccentColor;
				CODE_SIGN_ENTITLEMENTS = Picho/Picho.entitlements;
				CODE_SIGN_STYLE = Automatic;
				DEVELOPMENT_TEAM = S9J6B4A78J;
				INFOPLIST_FILE = Picho/Info.plist;
				IPHONEOS_DEPLOYMENT_TARGET = 13.0;
				LD_RUNPATH_SEARCH_PATHS = (
					"$(inherited)",
					"@executable_path/Frameworks",
				);
				PRODUCT_BUNDLE_IDENTIFIER = com.protagonist.Picho;
				PRODUCT_NAME = "$(TARGET_NAME)";
				SWIFT_VERSION = 5.0;
				TARGETED_DEVICE_FAMILY = "1,2";
			};
			name = Debug;
		};
		A28A5B0C255BD412007E66FA /* Release */ = {
			isa = XCBuildConfiguration;
			baseConfigurationReference = 49A721B55AC962597415D463 /* Pods-Picho.release.xcconfig */;
			buildSettings = {
				ASSETCATALOG_COMPILER_APPICON_NAME = AppIcon;
				ASSETCATALOG_COMPILER_GLOBAL_ACCENT_COLOR_NAME = AccentColor;
				CODE_SIGN_ENTITLEMENTS = Picho/Picho.entitlements;
				CODE_SIGN_STYLE = Automatic;
				DEVELOPMENT_TEAM = S9J6B4A78J;
				INFOPLIST_FILE = Picho/Info.plist;
				IPHONEOS_DEPLOYMENT_TARGET = 13.0;
				LD_RUNPATH_SEARCH_PATHS = (
					"$(inherited)",
					"@executable_path/Frameworks",
				);
				PRODUCT_BUNDLE_IDENTIFIER = com.protagonist.Picho;
				PRODUCT_NAME = "$(TARGET_NAME)";
				SWIFT_VERSION = 5.0;
				TARGETED_DEVICE_FAMILY = "1,2";
			};
			name = Release;
		};
/* End XCBuildConfiguration section */

/* Begin XCConfigurationList section */
		A28A5AEE255BD410007E66FA /* Build configuration list for PBXProject "Picho" */ = {
			isa = XCConfigurationList;
			buildConfigurations = (
				A28A5B08255BD412007E66FA /* Debug */,
				A28A5B09255BD412007E66FA /* Release */,
			);
			defaultConfigurationIsVisible = 0;
			defaultConfigurationName = Release;
		};
		A28A5B0A255BD412007E66FA /* Build configuration list for PBXNativeTarget "Picho" */ = {
			isa = XCConfigurationList;
			buildConfigurations = (
				A28A5B0B255BD412007E66FA /* Debug */,
				A28A5B0C255BD412007E66FA /* Release */,
			);
			defaultConfigurationIsVisible = 0;
			defaultConfigurationName = Release;
		};
/* End XCConfigurationList section */

/* Begin XCVersionGroup section */
		A28A5AFF255BD410007E66FA /* Picho.xcdatamodeld */ = {
			isa = XCVersionGroup;
			children = (
				A28A5B00255BD410007E66FA /* Picho.xcdatamodel */,
			);
			currentVersion = A28A5B00255BD410007E66FA /* Picho.xcdatamodel */;
			path = Picho.xcdatamodeld;
			sourceTree = "<group>";
			versionGroupType = wrapper.xcdatamodel;
		};
/* End XCVersionGroup section */
	};
	rootObject = A28A5AEB255BD410007E66FA /* Project object */;
}
